
Microsoft Visual Studio Solution File, Format Version 12.00
Project("{FAE04EC0-301F-11D3-BF4B-00C04F79EFBC}") = "Promote.NuGet", "src\Promote.NuGet\Promote.NuGet.csproj", "{733A17F0-2FC6-44A1-A25F-F4AE1AC75EBE}"
EndProject
Project("{FAE04EC0-301F-11D3-BF4B-00C04F79EFBC}") = "Promote.NuGet.Tests", "tests\Promote.NuGet.Tests\Promote.NuGet.Tests.csproj", "{C7408A9C-1BFC-419B-89A4-92C9D2A66D94}"
EndProject
Project("{FAE04EC0-301F-11D3-BF4B-00C04F79EFBC}") = "Promote.NuGet.Commands", "src\Promote.NuGet.Commands\Promote.NuGet.Commands.csproj", "{5CD4247C-9C03-4172-A014-D9677C9B6604}"
EndProject
Project("{FAE04EC0-301F-11D3-BF4B-00C04F79EFBC}") = "Promote.NuGet.Commands.Tests", "tests\Promote.NuGet.Commands.Tests\Promote.NuGet.Commands.Tests.csproj", "{02D6F016-D34B-4444-84A7-0EECBCD4CC88}"
EndProject
Project("{2150E333-8FDC-42A3-9474-1A3956D46DE8}") = "tests", "tests", "{296EEB57-A442-40A6-A74E-F02A86A87748}"
	ProjectSection(SolutionItems) = preProject
		tests\Directory.Build.props = tests\Directory.Build.props
	EndProjectSection
EndProject
Project("{2150E333-8FDC-42A3-9474-1A3956D46DE8}") = "src", "src", "{A76449E3-3BF9-4565-8BAE-150902FC55DE}"
EndProject
Project("{2150E333-8FDC-42A3-9474-1A3956D46DE8}") = ".files", ".files", "{50817318-6C46-44E8-8385-03618819E58C}"
	ProjectSection(SolutionItems) = preProject
		Directory.Build.props = Directory.Build.props
		.gitignore = .gitignore
		GitVersion.yml = GitVersion.yml
	EndProjectSection
EndProject
Project("{9A19103F-16F7-4668-BE54-9A1E7A4F7556}") = "_build", "build\_build.csproj", "{4C9D454A-A6A9-4FDD-9A2E-DA366D4B2C04}"
EndProject
Global
	GlobalSection(SolutionConfigurationPlatforms) = preSolution
		Debug|Any CPU = Debug|Any CPU
		Release|Any CPU = Release|Any CPU
	EndGlobalSection
	GlobalSection(ProjectConfigurationPlatforms) = postSolution
		{4C9D454A-A6A9-4FDD-9A2E-DA366D4B2C04}.Debug|Any CPU.ActiveCfg = Debug|Any CPU
		{4C9D454A-A6A9-4FDD-9A2E-DA366D4B2C04}.Release|Any CPU.ActiveCfg = Release|Any CPU
		{733A17F0-2FC6-44A1-A25F-F4AE1AC75EBE}.Debug|Any CPU.ActiveCfg = Debug|Any CPU
		{733A17F0-2FC6-44A1-A25F-F4AE1AC75EBE}.Debug|Any CPU.Build.0 = Debug|Any CPU
		{733A17F0-2FC6-44A1-A25F-F4AE1AC75EBE}.Release|Any CPU.ActiveCfg = Release|Any CPU
		{733A17F0-2FC6-44A1-A25F-F4AE1AC75EBE}.Release|Any CPU.Build.0 = Release|Any CPU
		{C7408A9C-1BFC-419B-89A4-92C9D2A66D94}.Debug|Any CPU.ActiveCfg = Debug|Any CPU
		{C7408A9C-1BFC-419B-89A4-92C9D2A66D94}.Debug|Any CPU.Build.0 = Debug|Any CPU
		{C7408A9C-1BFC-419B-89A4-92C9D2A66D94}.Release|Any CPU.ActiveCfg = Release|Any CPU
		{C7408A9C-1BFC-419B-89A4-92C9D2A66D94}.Release|Any CPU.Build.0 = Release|Any CPU
		{5CD4247C-9C03-4172-A014-D9677C9B6604}.Debug|Any CPU.ActiveCfg = Debug|Any CPU
		{5CD4247C-9C03-4172-A014-D9677C9B6604}.Debug|Any CPU.Build.0 = Debug|Any CPU
		{5CD4247C-9C03-4172-A014-D9677C9B6604}.Release|Any CPU.ActiveCfg = Release|Any CPU
		{5CD4247C-9C03-4172-A014-D9677C9B6604}.Release|Any CPU.Build.0 = Release|Any CPU
		{02D6F016-D34B-4444-84A7-0EECBCD4CC88}.Debug|Any CPU.ActiveCfg = Debug|Any CPU
		{02D6F016-D34B-4444-84A7-0EECBCD4CC88}.Debug|Any CPU.Build.0 = Debug|Any CPU
		{02D6F016-D34B-4444-84A7-0EECBCD4CC88}.Release|Any CPU.ActiveCfg = Release|Any CPU
		{02D6F016-D34B-4444-84A7-0EECBCD4CC88}.Release|Any CPU.Build.0 = Release|Any CPU
	EndGlobalSection
	GlobalSection(NestedProjects) = preSolution
		{02D6F016-D34B-4444-84A7-0EECBCD4CC88} = {296EEB57-A442-40A6-A74E-F02A86A87748}
		{C7408A9C-1BFC-419B-89A4-92C9D2A66D94} = {296EEB57-A442-40A6-A74E-F02A86A87748}
		{733A17F0-2FC6-44A1-A25F-F4AE1AC75EBE} = {A76449E3-3BF9-4565-8BAE-150902FC55DE}
		{5CD4247C-9C03-4172-A014-D9677C9B6604} = {A76449E3-3BF9-4565-8BAE-150902FC55DE}
		{4C9D454A-A6A9-4FDD-9A2E-DA366D4B2C04} = {50817318-6C46-44E8-8385-03618819E58C}
	EndGlobalSection
EndGlobal
